// !$*UTF8*$!
{
	archiveVersion = 1;
	classes = {
	};
	objectVersion = 56;
	objects = {

/* Begin PBXBuildFile section */
		5FBF585229E022F300072A8E /* AppDelegate.swift in Sources */ = {isa = PBXBuildFile; fileRef = 5FBF585129E022F300072A8E /* AppDelegate.swift */; };
		5FBF585429E022F300072A8E /* SceneDelegate.swift in Sources */ = {isa = PBXBuildFile; fileRef = 5FBF585329E022F300072A8E /* SceneDelegate.swift */; };
		5FBF585929E022F300072A8E /* Main.storyboard in Resources */ = {isa = PBXBuildFile; fileRef = 5FBF585729E022F300072A8E /* Main.storyboard */; };
		5FBF585B29E022F500072A8E /* Assets.xcassets in Resources */ = {isa = PBXBuildFile; fileRef = 5FBF585A29E022F500072A8E /* Assets.xcassets */; };
		5FBF585E29E022F500072A8E /* LaunchScreen.storyboard in Resources */ = {isa = PBXBuildFile; fileRef = 5FBF585C29E022F500072A8E /* LaunchScreen.storyboard */; };
		5FBF586929E022F500072A8E /* TchatTests.swift in Sources */ = {isa = PBXBuildFile; fileRef = 5FBF586829E022F500072A8E /* TchatTests.swift */; };
		5FBF587329E022F500072A8E /* TchatUITests.swift in Sources */ = {isa = PBXBuildFile; fileRef = 5FBF587229E022F500072A8E /* TchatUITests.swift */; };
		5FBF587529E022F500072A8E /* TchatUITestsLaunchTests.swift in Sources */ = {isa = PBXBuildFile; fileRef = 5FBF587429E022F500072A8E /* TchatUITestsLaunchTests.swift */; };
		5FBF588629E023C300072A8E /* RegisterViewController.swift in Sources */ = {isa = PBXBuildFile; fileRef = 5FBF588529E023C300072A8E /* RegisterViewController.swift */; };
		5FBF588B29E0245600072A8E /* ConversationsViewController.swift in Sources */ = {isa = PBXBuildFile; fileRef = 5FBF588A29E0245600072A8E /* ConversationsViewController.swift */; };
		5FBF588D29E024DB00072A8E /* LoginViewController.swift in Sources */ = {isa = PBXBuildFile; fileRef = 5FBF588C29E024DB00072A8E /* LoginViewController.swift */; };
		5FBF588F29E0250700072A8E /* PhotoViewerViewController.swift in Sources */ = {isa = PBXBuildFile; fileRef = 5FBF588E29E0250700072A8E /* PhotoViewerViewController.swift */; };
		5FBF589129E0251E00072A8E /* VideoPlayerViewController.swift in Sources */ = {isa = PBXBuildFile; fileRef = 5FBF589029E0251E00072A8E /* VideoPlayerViewController.swift */; };
		5FBF589329E0254100072A8E /* NewConversationViewController.swift in Sources */ = {isa = PBXBuildFile; fileRef = 5FBF589229E0254100072A8E /* NewConversationViewController.swift */; };
		5FBF589529E0255600072A8E /* ProfileViewController.swift in Sources */ = {isa = PBXBuildFile; fileRef = 5FBF589429E0255600072A8E /* ProfileViewController.swift */; };
/* End PBXBuildFile section */

/* Begin PBXContainerItemProxy section */
		5FBF586529E022F500072A8E /* PBXContainerItemProxy */ = {
			isa = PBXContainerItemProxy;
			containerPortal = 5FBF584629E022F300072A8E /* Project object */;
			proxyType = 1;
			remoteGlobalIDString = 5FBF584D29E022F300072A8E;
			remoteInfo = Tchat;
		};
		5FBF586F29E022F500072A8E /* PBXContainerItemProxy */ = {
			isa = PBXContainerItemProxy;
			containerPortal = 5FBF584629E022F300072A8E /* Project object */;
			proxyType = 1;
			remoteGlobalIDString = 5FBF584D29E022F300072A8E;
			remoteInfo = Tchat;
		};
/* End PBXContainerItemProxy section */

/* Begin PBXFileReference section */
		5FBF584E29E022F300072A8E /* Tchat.app */ = {isa = PBXFileReference; explicitFileType = wrapper.application; includeInIndex = 0; path = Tchat.app; sourceTree = BUILT_PRODUCTS_DIR; };
		5FBF585129E022F300072A8E /* AppDelegate.swift */ = {isa = PBXFileReference; lastKnownFileType = sourcecode.swift; path = AppDelegate.swift; sourceTree = "<group>"; };
		5FBF585329E022F300072A8E /* SceneDelegate.swift */ = {isa = PBXFileReference; lastKnownFileType = sourcecode.swift; path = SceneDelegate.swift; sourceTree = "<group>"; };
		5FBF585829E022F300072A8E /* Base */ = {isa = PBXFileReference; lastKnownFileType = file.storyboard; name = Base; path = Base.lproj/Main.storyboard; sourceTree = "<group>"; };
		5FBF585A29E022F500072A8E /* Assets.xcassets */ = {isa = PBXFileReference; lastKnownFileType = folder.assetcatalog; path = Assets.xcassets; sourceTree = "<group>"; };
		5FBF585D29E022F500072A8E /* Base */ = {isa = PBXFileReference; lastKnownFileType = file.storyboard; name = Base; path = Base.lproj/LaunchScreen.storyboard; sourceTree = "<group>"; };
		5FBF585F29E022F500072A8E /* Info.plist */ = {isa = PBXFileReference; lastKnownFileType = text.plist.xml; path = Info.plist; sourceTree = "<group>"; };
		5FBF586429E022F500072A8E /* TchatTests.xctest */ = {isa = PBXFileReference; explicitFileType = wrapper.cfbundle; includeInIndex = 0; path = TchatTests.xctest; sourceTree = BUILT_PRODUCTS_DIR; };
		5FBF586829E022F500072A8E /* TchatTests.swift */ = {isa = PBXFileReference; lastKnownFileType = sourcecode.swift; path = TchatTests.swift; sourceTree = "<group>"; };
		5FBF586E29E022F500072A8E /* TchatUITests.xctest */ = {isa = PBXFileReference; explicitFileType = wrapper.cfbundle; includeInIndex = 0; path = TchatUITests.xctest; sourceTree = BUILT_PRODUCTS_DIR; };
		5FBF587229E022F500072A8E /* TchatUITests.swift */ = {isa = PBXFileReference; lastKnownFileType = sourcecode.swift; path = TchatUITests.swift; sourceTree = "<group>"; };
		5FBF587429E022F500072A8E /* TchatUITestsLaunchTests.swift */ = {isa = PBXFileReference; lastKnownFileType = sourcecode.swift; path = TchatUITestsLaunchTests.swift; sourceTree = "<group>"; };
		5FBF588529E023C300072A8E /* RegisterViewController.swift */ = {isa = PBXFileReference; lastKnownFileType = sourcecode.swift; path = RegisterViewController.swift; sourceTree = "<group>"; };
		5FBF588A29E0245600072A8E /* ConversationsViewController.swift */ = {isa = PBXFileReference; lastKnownFileType = sourcecode.swift; path = ConversationsViewController.swift; sourceTree = "<group>"; };
		5FBF588C29E024DB00072A8E /* LoginViewController.swift */ = {isa = PBXFileReference; lastKnownFileType = sourcecode.swift; path = LoginViewController.swift; sourceTree = "<group>"; };
		5FBF588E29E0250700072A8E /* PhotoViewerViewController.swift */ = {isa = PBXFileReference; lastKnownFileType = sourcecode.swift; path = PhotoViewerViewController.swift; sourceTree = "<group>"; };
		5FBF589029E0251E00072A8E /* VideoPlayerViewController.swift */ = {isa = PBXFileReference; lastKnownFileType = sourcecode.swift; path = VideoPlayerViewController.swift; sourceTree = "<group>"; };
		5FBF589229E0254100072A8E /* NewConversationViewController.swift */ = {isa = PBXFileReference; lastKnownFileType = sourcecode.swift; path = NewConversationViewController.swift; sourceTree = "<group>"; };
		5FBF589429E0255600072A8E /* ProfileViewController.swift */ = {isa = PBXFileReference; lastKnownFileType = sourcecode.swift; path = ProfileViewController.swift; sourceTree = "<group>"; };
/* End PBXFileReference section */

/* Begin PBXFrameworksBuildPhase section */
		5FBF584B29E022F300072A8E /* Frameworks */ = {
			isa = PBXFrameworksBuildPhase;
			buildActionMask = 2147483647;
			files = (
			);
			runOnlyForDeploymentPostprocessing = 0;
		};
		5FBF586129E022F500072A8E /* Frameworks */ = {
			isa = PBXFrameworksBuildPhase;
			buildActionMask = 2147483647;
			files = (
			);
			runOnlyForDeploymentPostprocessing = 0;
		};
		5FBF586B29E022F500072A8E /* Frameworks */ = {
			isa = PBXFrameworksBuildPhase;
			buildActionMask = 2147483647;
			files = (
			);
			runOnlyForDeploymentPostprocessing = 0;
		};
/* End PBXFrameworksBuildPhase section */

/* Begin PBXGroup section */
		5FBF584529E022F200072A8E = {
			isa = PBXGroup;
			children = (
				5FBF585029E022F300072A8E /* Tchat */,
				5FBF586729E022F500072A8E /* TchatTests */,
				5FBF587129E022F500072A8E /* TchatUITests */,
				5FBF584F29E022F300072A8E /* Products */,
			);
			sourceTree = "<group>";
		};
		5FBF584F29E022F300072A8E /* Products */ = {
			isa = PBXGroup;
			children = (
				5FBF584E29E022F300072A8E /* Tchat.app */,
				5FBF586429E022F500072A8E /* TchatTests.xctest */,
				5FBF586E29E022F500072A8E /* TchatUITests.xctest */,
			);
			name = Products;
			sourceTree = "<group>";
		};
		5FBF585029E022F300072A8E /* Tchat */ = {
			isa = PBXGroup;
			children = (
				5FBF588429E0237200072A8E /* SupportingFiles */,
				5FBF588329E0234400072A8E /* Models */,
				5FBF588229E0233C00072A8E /* ViewModels */,
				5FBF588129E0233400072A8E /* View */,
				5FBF588729E023E200072A8E /* Controller */,
				5FBF585F29E022F500072A8E /* Info.plist */,
			);
			path = Tchat;
			sourceTree = "<group>";
		};
		5FBF586729E022F500072A8E /* TchatTests */ = {
			isa = PBXGroup;
			children = (
				5FBF586829E022F500072A8E /* TchatTests.swift */,
			);
			path = TchatTests;
			sourceTree = "<group>";
		};
		5FBF587129E022F500072A8E /* TchatUITests */ = {
			isa = PBXGroup;
			children = (
				5FBF587229E022F500072A8E /* TchatUITests.swift */,
				5FBF587429E022F500072A8E /* TchatUITestsLaunchTests.swift */,
			);
			path = TchatUITests;
			sourceTree = "<group>";
		};
		5FBF588129E0233400072A8E /* View */ = {
			isa = PBXGroup;
			children = (
				5FBF588929E0241600072A8E /* Storyboards */,
				5FBF585A29E022F500072A8E /* Assets.xcassets */,
			);
			path = View;
			sourceTree = "<group>";
		};
		5FBF588229E0233C00072A8E /* ViewModels */ = {
			isa = PBXGroup;
			children = (
			);
			path = ViewModels;
			sourceTree = "<group>";
		};
		5FBF588329E0234400072A8E /* Models */ = {
			isa = PBXGroup;
			children = (
			);
			path = Models;
			sourceTree = "<group>";
		};
		5FBF588429E0237200072A8E /* SupportingFiles */ = {
			isa = PBXGroup;
			children = (
				5FBF585129E022F300072A8E /* AppDelegate.swift */,
				5FBF585329E022F300072A8E /* SceneDelegate.swift */,
			);
			path = SupportingFiles;
			sourceTree = "<group>";
		};
		5FBF588729E023E200072A8E /* Controller */ = {
			isa = PBXGroup;
			children = (
				5FBF588529E023C300072A8E /* RegisterViewController.swift */,
				5FBF588A29E0245600072A8E /* ConversationsViewController.swift */,
				5FBF588C29E024DB00072A8E /* LoginViewController.swift */,
				5FBF588E29E0250700072A8E /* PhotoViewerViewController.swift */,
				5FBF589029E0251E00072A8E /* VideoPlayerViewController.swift */,
				5FBF589229E0254100072A8E /* NewConversationViewController.swift */,
				5FBF589429E0255600072A8E /* ProfileViewController.swift */,
			);
			path = Controller;
			sourceTree = "<group>";
		};
		5FBF588929E0241600072A8E /* Storyboards */ = {
			isa = PBXGroup;
			children = (
				5FBF585C29E022F500072A8E /* LaunchScreen.storyboard */,
				5FBF585729E022F300072A8E /* Main.storyboard */,
			);
			path = Storyboards;
			sourceTree = "<group>";
		};
/* End PBXGroup section */

/* Begin PBXNativeTarget section */
		5FBF584D29E022F300072A8E /* Tchat */ = {
			isa = PBXNativeTarget;
			buildConfigurationList = 5FBF587829E022F500072A8E /* Build configuration list for PBXNativeTarget "Tchat" */;
			buildPhases = (
				5FBF584A29E022F300072A8E /* Sources */,
				5FBF584B29E022F300072A8E /* Frameworks */,
				5FBF584C29E022F300072A8E /* Resources */,
			);
			buildRules = (
			);
			dependencies = (
			);
			name = Tchat;
			productName = Tchat;
			productReference = 5FBF584E29E022F300072A8E /* Tchat.app */;
			productType = "com.apple.product-type.application";
		};
		5FBF586329E022F500072A8E /* TchatTests */ = {
			isa = PBXNativeTarget;
			buildConfigurationList = 5FBF587B29E022F500072A8E /* Build configuration list for PBXNativeTarget "TchatTests" */;
			buildPhases = (
				5FBF586029E022F500072A8E /* Sources */,
				5FBF586129E022F500072A8E /* Frameworks */,
				5FBF586229E022F500072A8E /* Resources */,
			);
			buildRules = (
			);
			dependencies = (
				5FBF586629E022F500072A8E /* PBXTargetDependency */,
			);
			name = TchatTests;
			productName = TchatTests;
			productReference = 5FBF586429E022F500072A8E /* TchatTests.xctest */;
			productType = "com.apple.product-type.bundle.unit-test";
		};
		5FBF586D29E022F500072A8E /* TchatUITests */ = {
			isa = PBXNativeTarget;
			buildConfigurationList = 5FBF587E29E022F500072A8E /* Build configuration list for PBXNativeTarget "TchatUITests" */;
			buildPhases = (
				5FBF586A29E022F500072A8E /* Sources */,
				5FBF586B29E022F500072A8E /* Frameworks */,
				5FBF586C29E022F500072A8E /* Resources */,
			);
			buildRules = (
			);
			dependencies = (
				5FBF587029E022F500072A8E /* PBXTargetDependency */,
			);
			name = TchatUITests;
			productName = TchatUITests;
			productReference = 5FBF586E29E022F500072A8E /* TchatUITests.xctest */;
			productType = "com.apple.product-type.bundle.ui-testing";
		};
/* End PBXNativeTarget section */

/* Begin PBXProject section */
		5FBF584629E022F300072A8E /* Project object */ = {
			isa = PBXProject;
			attributes = {
				BuildIndependentTargetsInParallel = 1;
				LastSwiftUpdateCheck = 1430;
				LastUpgradeCheck = 1430;
				TargetAttributes = {
					5FBF584D29E022F300072A8E = {
						CreatedOnToolsVersion = 14.3;
					};
					5FBF586329E022F500072A8E = {
						CreatedOnToolsVersion = 14.3;
						TestTargetID = 5FBF584D29E022F300072A8E;
					};
					5FBF586D29E022F500072A8E = {
						CreatedOnToolsVersion = 14.3;
						TestTargetID = 5FBF584D29E022F300072A8E;
					};
				};
			};
			buildConfigurationList = 5FBF584929E022F300072A8E /* Build configuration list for PBXProject "Tchat" */;
			compatibilityVersion = "Xcode 14.0";
			developmentRegion = en;
			hasScannedForEncodings = 0;
			knownRegions = (
				en,
				Base,
			);
			mainGroup = 5FBF584529E022F200072A8E;
			productRefGroup = 5FBF584F29E022F300072A8E /* Products */;
			projectDirPath = "";
			projectRoot = "";
			targets = (
				5FBF584D29E022F300072A8E /* Tchat */,
				5FBF586329E022F500072A8E /* TchatTests */,
				5FBF586D29E022F500072A8E /* TchatUITests */,
			);
		};
/* End PBXProject section */

/* Begin PBXResourcesBuildPhase section */
		5FBF584C29E022F300072A8E /* Resources */ = {
			isa = PBXResourcesBuildPhase;
			buildActionMask = 2147483647;
			files = (
				5FBF585E29E022F500072A8E /* LaunchScreen.storyboard in Resources */,
				5FBF585B29E022F500072A8E /* Assets.xcassets in Resources */,
				5FBF585929E022F300072A8E /* Main.storyboard in Resources */,
			);
			runOnlyForDeploymentPostprocessing = 0;
		};
		5FBF586229E022F500072A8E /* Resources */ = {
			isa = PBXResourcesBuildPhase;
			buildActionMask = 2147483647;
			files = (
			);
			runOnlyForDeploymentPostprocessing = 0;
		};
		5FBF586C29E022F500072A8E /* Resources */ = {
			isa = PBXResourcesBuildPhase;
			buildActionMask = 2147483647;
			files = (
			);
			runOnlyForDeploymentPostprocessing = 0;
		};
/* End PBXResourcesBuildPhase section */

/* Begin PBXSourcesBuildPhase section */
		5FBF584A29E022F300072A8E /* Sources */ = {
			isa = PBXSourcesBuildPhase;
			buildActionMask = 2147483647;
			files = (
				5FBF585229E022F300072A8E /* AppDelegate.swift in Sources */,
				5FBF585429E022F300072A8E /* SceneDelegate.swift in Sources */,
				5FBF589329E0254100072A8E /* NewConversationViewController.swift in Sources */,
				5FBF588629E023C300072A8E /* RegisterViewController.swift in Sources */,
				5FBF589129E0251E00072A8E /* VideoPlayerViewController.swift in Sources */,
				5FBF588D29E024DB00072A8E /* LoginViewController.swift in Sources */,
				5FBF589529E0255600072A8E /* ProfileViewController.swift in Sources */,
				5FBF588B29E0245600072A8E /* ConversationsViewController.swift in Sources */,
				5FBF588F29E0250700072A8E /* PhotoViewerViewController.swift in Sources */,
			);
			runOnlyForDeploymentPostprocessing = 0;
		};
		5FBF586029E022F500072A8E /* Sources */ = {
			isa = PBXSourcesBuildPhase;
			buildActionMask = 2147483647;
			files = (
				5FBF586929E022F500072A8E /* TchatTests.swift in Sources */,
			);
			runOnlyForDeploymentPostprocessing = 0;
		};
		5FBF586A29E022F500072A8E /* Sources */ = {
			isa = PBXSourcesBuildPhase;
			buildActionMask = 2147483647;
			files = (
				5FBF587329E022F500072A8E /* TchatUITests.swift in Sources */,
				5FBF587529E022F500072A8E /* TchatUITestsLaunchTests.swift in Sources */,
			);
			runOnlyForDeploymentPostprocessing = 0;
		};
/* End PBXSourcesBuildPhase section */

/* Begin PBXTargetDependency section */
		5FBF586629E022F500072A8E /* PBXTargetDependency */ = {
			isa = PBXTargetDependency;
			target = 5FBF584D29E022F300072A8E /* Tchat */;
			targetProxy = 5FBF586529E022F500072A8E /* PBXContainerItemProxy */;
		};
		5FBF587029E022F500072A8E /* PBXTargetDependency */ = {
			isa = PBXTargetDependency;
			target = 5FBF584D29E022F300072A8E /* Tchat */;
			targetProxy = 5FBF586F29E022F500072A8E /* PBXContainerItemProxy */;
		};
/* End PBXTargetDependency section */

/* Begin PBXVariantGroup section */
		5FBF585729E022F300072A8E /* Main.storyboard */ = {
			isa = PBXVariantGroup;
			children = (
				5FBF585829E022F300072A8E /* Base */,
			);
			name = Main.storyboard;
			sourceTree = "<group>";
		};
		5FBF585C29E022F500072A8E /* LaunchScreen.storyboard */ = {
			isa = PBXVariantGroup;
			children = (
				5FBF585D29E022F500072A8E /* Base */,
			);
			name = LaunchScreen.storyboard;
			sourceTree = "<group>";
		};
/* End PBXVariantGroup section */

/* Begin XCBuildConfiguration section */
		5FBF587629E022F500072A8E /* Debug */ = {
			isa = XCBuildConfiguration;
			buildSettings = {
				ALWAYS_SEARCH_USER_PATHS = NO;
				CLANG_ANALYZER_NONNULL = YES;
				CLANG_ANALYZER_NUMBER_OBJECT_CONVERSION = YES_AGGRESSIVE;
				CLANG_CXX_LANGUAGE_STANDARD = "gnu++20";
				CLANG_ENABLE_MODULES = YES;
				CLANG_ENABLE_OBJC_ARC = YES;
				CLANG_ENABLE_OBJC_WEAK = YES;
				CLANG_WARN_BLOCK_CAPTURE_AUTORELEASING = YES;
				CLANG_WARN_BOOL_CONVERSION = YES;
				CLANG_WARN_COMMA = YES;
				CLANG_WARN_CONSTANT_CONVERSION = YES;
				CLANG_WARN_DEPRECATED_OBJC_IMPLEMENTATIONS = YES;
				CLANG_WARN_DIRECT_OBJC_ISA_USAGE = YES_ERROR;
				CLANG_WARN_DOCUMENTATION_COMMENTS = YES;
				CLANG_WARN_EMPTY_BODY = YES;
				CLANG_WARN_ENUM_CONVERSION = YES;
				CLANG_WARN_INFINITE_RECURSION = YES;
				CLANG_WARN_INT_CONVERSION = YES;
				CLANG_WARN_NON_LITERAL_NULL_CONVERSION = YES;
				CLANG_WARN_OBJC_IMPLICIT_RETAIN_SELF = YES;
				CLANG_WARN_OBJC_LITERAL_CONVERSION = YES;
				CLANG_WARN_OBJC_ROOT_CLASS = YES_ERROR;
				CLANG_WARN_QUOTED_INCLUDE_IN_FRAMEWORK_HEADER = YES;
				CLANG_WARN_RANGE_LOOP_ANALYSIS = YES;
				CLANG_WARN_STRICT_PROTOTYPES = YES;
				CLANG_WARN_SUSPICIOUS_MOVE = YES;
				CLANG_WARN_UNGUARDED_AVAILABILITY = YES_AGGRESSIVE;
				CLANG_WARN_UNREACHABLE_CODE = YES;
				CLANG_WARN__DUPLICATE_METHOD_MATCH = YES;
				COPY_PHASE_STRIP = NO;
				DEBUG_INFORMATION_FORMAT = dwarf;
				ENABLE_STRICT_OBJC_MSGSEND = YES;
				ENABLE_TESTABILITY = YES;
				GCC_C_LANGUAGE_STANDARD = gnu11;
				GCC_DYNAMIC_NO_PIC = NO;
				GCC_NO_COMMON_BLOCKS = YES;
				GCC_OPTIMIZATION_LEVEL = 0;
				GCC_PREPROCESSOR_DEFINITIONS = (
					"DEBUG=1",
					"$(inherited)",
				);
				GCC_WARN_64_TO_32_BIT_CONVERSION = YES;
				GCC_WARN_ABOUT_RETURN_TYPE = YES_ERROR;
				GCC_WARN_UNDECLARED_SELECTOR = YES;
				GCC_WARN_UNINITIALIZED_AUTOS = YES_AGGRESSIVE;
				GCC_WARN_UNUSED_FUNCTION = YES;
				GCC_WARN_UNUSED_VARIABLE = YES;
				IPHONEOS_DEPLOYMENT_TARGET = 16.4;
				MTL_ENABLE_DEBUG_INFO = INCLUDE_SOURCE;
				MTL_FAST_MATH = YES;
				ONLY_ACTIVE_ARCH = YES;
				SDKROOT = iphoneos;
				SWIFT_ACTIVE_COMPILATION_CONDITIONS = DEBUG;
				SWIFT_OPTIMIZATION_LEVEL = "-Onone";
			};
			name = Debug;
		};
		5FBF587729E022F500072A8E /* Release */ = {
			isa = XCBuildConfiguration;
			buildSettings = {
				ALWAYS_SEARCH_USER_PATHS = NO;
				CLANG_ANALYZER_NONNULL = YES;
				CLANG_ANALYZER_NUMBER_OBJECT_CONVERSION = YES_AGGRESSIVE;
				CLANG_CXX_LANGUAGE_STANDARD = "gnu++20";
				CLANG_ENABLE_MODULES = YES;
				CLANG_ENABLE_OBJC_ARC = YES;
				CLANG_ENABLE_OBJC_WEAK = YES;
				CLANG_WARN_BLOCK_CAPTURE_AUTORELEASING = YES;
				CLANG_WARN_BOOL_CONVERSION = YES;
				CLANG_WARN_COMMA = YES;
				CLANG_WARN_CONSTANT_CONVERSION = YES;
				CLANG_WARN_DEPRECATED_OBJC_IMPLEMENTATIONS = YES;
				CLANG_WARN_DIRECT_OBJC_ISA_USAGE = YES_ERROR;
				CLANG_WARN_DOCUMENTATION_COMMENTS = YES;
				CLANG_WARN_EMPTY_BODY = YES;
				CLANG_WARN_ENUM_CONVERSION = YES;
				CLANG_WARN_INFINITE_RECURSION = YES;
				CLANG_WARN_INT_CONVERSION = YES;
				CLANG_WARN_NON_LITERAL_NULL_CONVERSION = YES;
				CLANG_WARN_OBJC_IMPLICIT_RETAIN_SELF = YES;
				CLANG_WARN_OBJC_LITERAL_CONVERSION = YES;
				CLANG_WARN_OBJC_ROOT_CLASS = YES_ERROR;
				CLANG_WARN_QUOTED_INCLUDE_IN_FRAMEWORK_HEADER = YES;
				CLANG_WARN_RANGE_LOOP_ANALYSIS = YES;
				CLANG_WARN_STRICT_PROTOTYPES = YES;
				CLANG_WARN_SUSPICIOUS_MOVE = YES;
				CLANG_WARN_UNGUARDED_AVAILABILITY = YES_AGGRESSIVE;
				CLANG_WARN_UNREACHABLE_CODE = YES;
				CLANG_WARN__DUPLICATE_METHOD_MATCH = YES;
				COPY_PHASE_STRIP = NO;
				DEBUG_INFORMATION_FORMAT = "dwarf-with-dsym";
				ENABLE_NS_ASSERTIONS = NO;
				ENABLE_STRICT_OBJC_MSGSEND = YES;
				GCC_C_LANGUAGE_STANDARD = gnu11;
				GCC_NO_COMMON_BLOCKS = YES;
				GCC_WARN_64_TO_32_BIT_CONVERSION = YES;
				GCC_WARN_ABOUT_RETURN_TYPE = YES_ERROR;
				GCC_WARN_UNDECLARED_SELECTOR = YES;
				GCC_WARN_UNINITIALIZED_AUTOS = YES_AGGRESSIVE;
				GCC_WARN_UNUSED_FUNCTION = YES;
				GCC_WARN_UNUSED_VARIABLE = YES;
				IPHONEOS_DEPLOYMENT_TARGET = 16.4;
				MTL_ENABLE_DEBUG_INFO = NO;
				MTL_FAST_MATH = YES;
				SDKROOT = iphoneos;
				SWIFT_COMPILATION_MODE = wholemodule;
				SWIFT_OPTIMIZATION_LEVEL = "-O";
				VALIDATE_PRODUCT = YES;
			};
			name = Release;
		};
		5FBF587929E022F500072A8E /* Debug */ = {
			isa = XCBuildConfiguration;
			buildSettings = {
				ASSETCATALOG_COMPILER_APPICON_NAME = AppIcon;
				ASSETCATALOG_COMPILER_GLOBAL_ACCENT_COLOR_NAME = AccentColor;
				CODE_SIGN_STYLE = Automatic;
				CURRENT_PROJECT_VERSION = 1;
				DEVELOPMENT_TEAM = NLCUCTBNY2;
				GENERATE_INFOPLIST_FILE = YES;
				INFOPLIST_FILE = Tchat/Info.plist;
				INFOPLIST_KEY_UIApplicationSupportsIndirectInputEvents = YES;
				INFOPLIST_KEY_UILaunchStoryboardName = LaunchScreen;
				INFOPLIST_KEY_UIMainStoryboardFile = Main;
				INFOPLIST_KEY_UISupportedInterfaceOrientations = UIInterfaceOrientationPortrait;
				IPHONEOS_DEPLOYMENT_TARGET = 15.0;
				LD_RUNPATH_SEARCH_PATHS = (
					"$(inherited)",
					"@executable_path/Frameworks",
				);
				MARKETING_VERSION = 1.0;
				PRODUCT_BUNDLE_IDENTIFIER = com.yoansoussand.Tchat;
				PRODUCT_NAME = "$(TARGET_NAME)";
				SWIFT_EMIT_LOC_STRINGS = YES;
				SWIFT_VERSION = 5.0;
				TARGETED_DEVICE_FAMILY = "1,2";
			};
			name = Debug;
		};
		5FBF587A29E022F500072A8E /* Release */ = {
			isa = XCBuildConfiguration;
			buildSettings = {
				ASSETCATALOG_COMPILER_APPICON_NAME = AppIcon;
				ASSETCATALOG_COMPILER_GLOBAL_ACCENT_COLOR_NAME = AccentColor;
				CODE_SIGN_STYLE = Automatic;
				CURRENT_PROJECT_VERSION = 1;
				DEVELOPMENT_TEAM = NLCUCTBNY2;
				GENERATE_INFOPLIST_FILE = YES;
				INFOPLIST_FILE = Tchat/Info.plist;
				INFOPLIST_KEY_UIApplicationSupportsIndirectInputEvents = YES;
				INFOPLIST_KEY_UILaunchStoryboardName = LaunchScreen;
				INFOPLIST_KEY_UIMainStoryboardFile = Main;
				INFOPLIST_KEY_UISupportedInterfaceOrientations = UIInterfaceOrientationPortrait;
				IPHONEOS_DEPLOYMENT_TARGET = 15.0;
				LD_RUNPATH_SEARCH_PATHS = (
					"$(inherited)",
					"@executable_path/Frameworks",
				);
				MARKETING_VERSION = 1.0;
				PRODUCT_BUNDLE_IDENTIFIER = com.yoansoussand.Tchat;
				PRODUCT_NAME = "$(TARGET_NAME)";
				SWIFT_EMIT_LOC_STRINGS = YES;
				SWIFT_VERSION = 5.0;
				TARGETED_DEVICE_FAMILY = "1,2";
			};
			name = Release;
		};
		5FBF587C29E022F500072A8E /* Debug */ = {
			isa = XCBuildConfiguration;
			buildSettings = {
				ALWAYS_EMBED_SWIFT_STANDARD_LIBRARIES = YES;
				BUNDLE_LOADER = "$(TEST_HOST)";
				CODE_SIGN_STYLE = Automatic;
				CURRENT_PROJECT_VERSION = 1;
				DEVELOPMENT_TEAM = NLCUCTBNY2;
				GENERATE_INFOPLIST_FILE = YES;
				IPHONEOS_DEPLOYMENT_TARGET = 16.4;
				MARKETING_VERSION = 1.0;
				PRODUCT_BUNDLE_IDENTIFIER = com.yoansoussand.TchatTests;
				PRODUCT_NAME = "$(TARGET_NAME)";
				SWIFT_EMIT_LOC_STRINGS = NO;
				SWIFT_VERSION = 5.0;
				TARGETED_DEVICE_FAMILY = "1,2";
				TEST_HOST = "$(BUILT_PRODUCTS_DIR)/Tchat.app/$(BUNDLE_EXECUTABLE_FOLDER_PATH)/Tchat";
			};
			name = Debug;
		};
		5FBF587D29E022F500072A8E /* Release */ = {
			isa = XCBuildConfiguration;
			buildSettings = {
				ALWAYS_EMBED_SWIFT_STANDARD_LIBRARIES = YES;
				BUNDLE_LOADER = "$(TEST_HOST)";
				CODE_SIGN_STYLE = Automatic;
				CURRENT_PROJECT_VERSION = 1;
				DEVELOPMENT_TEAM = NLCUCTBNY2;
				GENERATE_INFOPLIST_FILE = YES;
				IPHONEOS_DEPLOYMENT_TARGET = 16.4;
				MARKETING_VERSION = 1.0;
				PRODUCT_BUNDLE_IDENTIFIER = com.yoansoussand.TchatTests;
				PRODUCT_NAME = "$(TARGET_NAME)";
				SWIFT_EMIT_LOC_STRINGS = NO;
				SWIFT_VERSION = 5.0;
				TARGETED_DEVICE_FAMILY = "1,2";
				TEST_HOST = "$(BUILT_PRODUCTS_DIR)/Tchat.app/$(BUNDLE_EXECUTABLE_FOLDER_PATH)/Tchat";
			};
			name = Release;
		};
		5FBF587F29E022F500072A8E /* Debug */ = {
			isa = XCBuildConfiguration;
			buildSettings = {
				ALWAYS_EMBED_SWIFT_STANDARD_LIBRARIES = YES;
				CODE_SIGN_STYLE = Automatic;
				CURRENT_PROJECT_VERSION = 1;
				DEVELOPMENT_TEAM = NLCUCTBNY2;
				GENERATE_INFOPLIST_FILE = YES;
				MARKETING_VERSION = 1.0;
				PRODUCT_BUNDLE_IDENTIFIER = com.yoansoussand.TchatUITests;
				PRODUCT_NAME = "$(TARGET_NAME)";
				SWIFT_EMIT_LOC_STRINGS = NO;
				SWIFT_VERSION = 5.0;
				TARGETED_DEVICE_FAMILY = "1,2";
				TEST_TARGET_NAME = Tchat;
			};
			name = Debug;
		};
		5FBF588029E022F500072A8E /* Release */ = {
			isa = XCBuildConfiguration;
			buildSettings = {
				ALWAYS_EMBED_SWIFT_STANDARD_LIBRARIES = YES;
				CODE_SIGN_STYLE = Automatic;
				CURRENT_PROJECT_VERSION = 1;
				DEVELOPMENT_TEAM = NLCUCTBNY2;
				GENERATE_INFOPLIST_FILE = YES;
				MARKETING_VERSION = 1.0;
				PRODUCT_BUNDLE_IDENTIFIER = com.yoansoussand.TchatUITests;
				PRODUCT_NAME = "$(TARGET_NAME)";
				SWIFT_EMIT_LOC_STRINGS = NO;
				SWIFT_VERSION = 5.0;
				TARGETED_DEVICE_FAMILY = "1,2";
				TEST_TARGET_NAME = Tchat;
			};
			name = Release;
		};
/* End XCBuildConfiguration section */

/* Begin XCConfigurationList section */
		5FBF584929E022F300072A8E /* Build configuration list for PBXProject "Tchat" */ = {
			isa = XCConfigurationList;
			buildConfigurations = (
				5FBF587629E022F500072A8E /* Debug */,
				5FBF587729E022F500072A8E /* Release */,
			);
			defaultConfigurationIsVisible = 0;
			defaultConfigurationName = Release;
		};
		5FBF587829E022F500072A8E /* Build configuration list for PBXNativeTarget "Tchat" */ = {
			isa = XCConfigurationList;
			buildConfigurations = (
				5FBF587929E022F500072A8E /* Debug */,
				5FBF587A29E022F500072A8E /* Release */,
			);
			defaultConfigurationIsVisible = 0;
			defaultConfigurationName = Release;
		};
		5FBF587B29E022F500072A8E /* Build configuration list for PBXNativeTarget "TchatTests" */ = {
			isa = XCConfigurationList;
			buildConfigurations = (
				5FBF587C29E022F500072A8E /* Debug */,
				5FBF587D29E022F500072A8E /* Release */,
			);
			defaultConfigurationIsVisible = 0;
			defaultConfigurationName = Release;
		};
		5FBF587E29E022F500072A8E /* Build configuration list for PBXNativeTarget "TchatUITests" */ = {
			isa = XCConfigurationList;
			buildConfigurations = (
				5FBF587F29E022F500072A8E /* Debug */,
				5FBF588029E022F500072A8E /* Release */,
			);
			defaultConfigurationIsVisible = 0;
			defaultConfigurationName = Release;
		};
/* End XCConfigurationList section */
	};
	rootObject = 5FBF584629E022F300072A8E /* Project object */;
}
